
Microsoft Visual Studio Solution File, Format Version 12.00
# Visual Studio Version 17
VisualStudioVersion = 17.0.31903.59
MinimumVisualStudioVersion = 10.0.40219.1
Project("{FAE04EC0-301F-11D3-BF4B-00C04F79EFBC}") = "WaterSort.Core", "WaterSort.Core\WaterSort.Core.csproj", "{2A8CB676-E2C6-47CD-A82A-3C4BF3456FD6}"
EndProject
Project("{FAE04EC0-301F-11D3-BF4B-00C04F79EFBC}") = "Utilities", "Utilities\Utilities.csproj", "{6FD2B243-7596-4275-B9AD-A2A368A74829}"
EndProject
Project("{FAE04EC0-301F-11D3-BF4B-00C04F79EFBC}") = "Utilities.Test", "Utilities.Test\Utilities.Test.csproj", "{8BE46D9A-6A10-4CD5-87BE-40D539AF2206}"
	ProjectSection(ProjectDependencies) = postProject
		{6FD2B243-7596-4275-B9AD-A2A368A74829} = {6FD2B243-7596-4275-B9AD-A2A368A74829}
	EndProjectSection
EndProject
Global
	GlobalSection(SolutionConfigurationPlatforms) = preSolution
		Debug|Any CPU = Debug|Any CPU
		Debug|x64 = Debug|x64
		Debug|x86 = Debug|x86
		Release|Any CPU = Release|Any CPU
		Release|x64 = Release|x64
		Release|x86 = Release|x86
	EndGlobalSection
	GlobalSection(ProjectConfigurationPlatforms) = postSolution
		{2A8CB676-E2C6-47CD-A82A-3C4BF3456FD6}.Debug|Any CPU.ActiveCfg = Debug|Any CPU
		{2A8CB676-E2C6-47CD-A82A-3C4BF3456FD6}.Debug|Any CPU.Build.0 = Debug|Any CPU
		{2A8CB676-E2C6-47CD-A82A-3C4BF3456FD6}.Debug|x64.ActiveCfg = Debug|Any CPU
		{2A8CB676-E2C6-47CD-A82A-3C4BF3456FD6}.Debug|x64.Build.0 = Debug|Any CPU
		{2A8CB676-E2C6-47CD-A82A-3C4BF3456FD6}.Debug|x86.ActiveCfg = Debug|Any CPU
		{2A8CB676-E2C6-47CD-A82A-3C4BF3456FD6}.Debug|x86.Build.0 = Debug|Any CPU
		{2A8CB676-E2C6-47CD-A82A-3C4BF3456FD6}.Release|Any CPU.ActiveCfg = Release|Any CPU
		{2A8CB676-E2C6-47CD-A82A-3C4BF3456FD6}.Release|Any CPU.Build.0 = Release|Any CPU
		{2A8CB676-E2C6-47CD-A82A-3C4BF3456FD6}.Release|x64.ActiveCfg = Release|Any CPU
		{2A8CB676-E2C6-47CD-A82A-3C4BF3456FD6}.Release|x64.Build.0 = Release|Any CPU
		{2A8CB676-E2C6-47CD-A82A-3C4BF3456FD6}.Release|x86.ActiveCfg = Release|Any CPU
		{2A8CB676-E2C6-47CD-A82A-3C4BF3456FD6}.Release|x86.Build.0 = Release|Any CPU
		{6FD2B243-7596-4275-B9AD-A2A368A74829}.Debug|Any CPU.ActiveCfg = Debug|Any CPU
		{6FD2B243-7596-4275-B9AD-A2A368A74829}.Debug|Any CPU.Build.0 = Debug|Any CPU
		{6FD2B243-7596-4275-B9AD-A2A368A74829}.Debug|x64.ActiveCfg = Debug|Any CPU
		{6FD2B243-7596-4275-B9AD-A2A368A74829}.Debug|x64.Build.0 = Debug|Any CPU
		{6FD2B243-7596-4275-B9AD-A2A368A74829}.Debug|x86.ActiveCfg = Debug|Any CPU
		{6FD2B243-7596-4275-B9AD-A2A368A74829}.Debug|x86.Build.0 = Debug|Any CPU
		{6FD2B243-7596-4275-B9AD-A2A368A74829}.Release|Any CPU.ActiveCfg = Release|Any CPU
		{6FD2B243-7596-4275-B9AD-A2A368A74829}.Release|Any CPU.Build.0 = Release|Any CPU
		{6FD2B243-7596-4275-B9AD-A2A368A74829}.Release|x64.ActiveCfg = Release|Any CPU
		{6FD2B243-7596-4275-B9AD-A2A368A74829}.Release|x64.Build.0 = Release|Any CPU
		{6FD2B243-7596-4275-B9AD-A2A368A74829}.Release|x86.ActiveCfg = Release|Any CPU
		{6FD2B243-7596-4275-B9AD-A2A368A74829}.Release|x86.Build.0 = Release|Any CPU
		{8BE46D9A-6A10-4CD5-87BE-40D539AF2206}.Debug|Any CPU.ActiveCfg = Debug|Any CPU
		{8BE46D9A-6A10-4CD5-87BE-40D539AF2206}.Debug|Any CPU.Build.0 = Debug|Any CPU
		{8BE46D9A-6A10-4CD5-87BE-40D539AF2206}.Debug|x64.ActiveCfg = Debug|Any CPU
		{8BE46D9A-6A10-4CD5-87BE-40D539AF2206}.Debug|x64.Build.0 = Debug|Any CPU
		{8BE46D9A-6A10-4CD5-87BE-40D539AF2206}.Debug|x86.ActiveCfg = Debug|Any CPU
		{8BE46D9A-6A10-4CD5-87BE-40D539AF2206}.Debug|x86.Build.0 = Debug|Any CPU
		{8BE46D9A-6A10-4CD5-87BE-40D539AF2206}.Release|Any CPU.ActiveCfg = Release|Any CPU
		{8BE46D9A-6A10-4CD5-87BE-40D539AF2206}.Release|Any CPU.Build.0 = Release|Any CPU
		{8BE46D9A-6A10-4CD5-87BE-40D539AF2206}.Release|x64.ActiveCfg = Release|Any CPU
		{8BE46D9A-6A10-4CD5-87BE-40D539AF2206}.Release|x64.Build.0 = Release|Any CPU
		{8BE46D9A-6A10-4CD5-87BE-40D539AF2206}.Release|x86.ActiveCfg = Release|Any CPU
		{8BE46D9A-6A10-4CD5-87BE-40D539AF2206}.Release|x86.Build.0 = Release|Any CPU
	EndGlobalSection
	GlobalSection(SolutionProperties) = preSolution
		HideSolutionNode = FALSE
	EndGlobalSection
EndGlobal
